
Microsoft Visual Studio Solution File, Format Version 12.00
# Visual Studio Version 17
VisualStudioVersion = 17.9.34723.18
MinimumVisualStudioVersion = 10.0.40219.1
Project("{FAE04EC0-301F-11D3-BF4B-00C04F79EFBC}") = "FitnessTracker.Desktop", "FitnessTracker.Desktop.csproj", "{C11CD90D-5DC7-4928-9A10-CD65816BF91D}"
EndProject
Global
	GlobalSection(SolutionConfigurationPlatforms) = preSolution
		Debug|Any CPU = Debug|Any CPU
		Release|Any CPU = Release|Any CPU
	EndGlobalSection
	GlobalSection(ProjectConfigurationPlatforms) = postSolution
		{C11CD90D-5DC7-4928-9A10-CD65816BF91D}.Debug|Any CPU.ActiveCfg = Debug|Any CPU
		{C11CD90D-5DC7-4928-9A10-CD65816BF91D}.Debug|Any CPU.Build.0 = Debug|Any CPU
		{C11CD90D-5DC7-4928-9A10-CD65816BF91D}.Release|Any CPU.ActiveCfg = Release|Any CPU
		{C11CD90D-5DC7-4928-9A10-CD65816BF91D}.Release|Any CPU.Build.0 = Release|Any CPU
	EndGlobalSection
	GlobalSection(SolutionProperties) = preSolution
		HideSolutionNode = FALSE
	EndGlobalSection
	GlobalSection(ExtensibilityGlobals) = postSolution
		SolutionGuid = {FDECE412-71D2-406B-BEB6-7685900AF4E2}
	EndGlobalSection
EndGlobal
